// !$*UTF8*$!
{
	archiveVersion = 1;
	classes = {
	};
	objectVersion = 46;
	objects = {

/* Begin PBXBuildFile section */
		46D03F221CEA126500F48FFA /* Dog.m in Sources */ = {isa = PBXBuildFile; fileRef = 46D03F211CEA126500F48FFA /* Dog.m */; settings = {ASSET_TAGS = (); }; };
		46DFA8F91CE5F7A60068D8E0 /* main.m in Sources */ = {isa = PBXBuildFile; fileRef = 46DFA8F81CE5F7A60068D8E0 /* main.m */; };
		46DFA8FC1CE5F7A60068D8E0 /* AppDelegate.m in Sources */ = {isa = PBXBuildFile; fileRef = 46DFA8FB1CE5F7A60068D8E0 /* AppDelegate.m */; };
		46DFA8FF1CE5F7A60068D8E0 /* ViewController.m in Sources */ = {isa = PBXBuildFile; fileRef = 46DFA8FE1CE5F7A60068D8E0 /* ViewController.m */; };
		46DFA9021CE5F7A60068D8E0 /* Main.storyboard in Resources */ = {isa = PBXBuildFile; fileRef = 46DFA9001CE5F7A60068D8E0 /* Main.storyboard */; };
		46DFA9041CE5F7A60068D8E0 /* Assets.xcassets in Resources */ = {isa = PBXBuildFile; fileRef = 46DFA9031CE5F7A60068D8E0 /* Assets.xcassets */; };
		46DFA9071CE5F7A60068D8E0 /* LaunchScreen.storyboard in Resources */ = {isa = PBXBuildFile; fileRef = 46DFA9051CE5F7A60068D8E0 /* LaunchScreen.storyboard */; };
		46DFA9121CE5F7A60068D8E0 /* GCDTests.m in Sources */ = {isa = PBXBuildFile; fileRef = 46DFA9111CE5F7A60068D8E0 /* GCDTests.m */; };
		46DFA91D1CE5F7A60068D8E0 /* GCDUITests.m in Sources */ = {isa = PBXBuildFile; fileRef = 46DFA91C1CE5F7A60068D8E0 /* GCDUITests.m */; };
/* End PBXBuildFile section */

/* Begin PBXContainerItemProxy section */
		46DFA90E1CE5F7A60068D8E0 /* PBXContainerItemProxy */ = {
			isa = PBXContainerItemProxy;
			containerPortal = 46DFA8EC1CE5F7A60068D8E0 /* Project object */;
			proxyType = 1;
			remoteGlobalIDString = 46DFA8F31CE5F7A60068D8E0;
			remoteInfo = GCD;
		};
		46DFA9191CE5F7A60068D8E0 /* PBXContainerItemProxy */ = {
			isa = PBXContainerItemProxy;
			containerPortal = 46DFA8EC1CE5F7A60068D8E0 /* Project object */;
			proxyType = 1;
			remoteGlobalIDString = 46DFA8F31CE5F7A60068D8E0;
			remoteInfo = GCD;
		};
/* End PBXContainerItemProxy section */

/* Begin PBXFileReference section */
		46D03F201CEA126500F48FFA /* Dog.h */ = {isa = PBXFileReference; fileEncoding = 4; lastKnownFileType = sourcecode.c.h; path = Dog.h; sourceTree = "<group>"; };
		46D03F211CEA126500F48FFA /* Dog.m */ = {isa = PBXFileReference; fileEncoding = 4; lastKnownFileType = sourcecode.c.objc; path = Dog.m; sourceTree = "<group>"; };
		46DFA8F41CE5F7A60068D8E0 /* GCD.app */ = {isa = PBXFileReference; explicitFileType = wrapper.application; includeInIndex = 0; path = GCD.app; sourceTree = BUILT_PRODUCTS_DIR; };
		46DFA8F81CE5F7A60068D8E0 /* main.m */ = {isa = PBXFileReference; lastKnownFileType = sourcecode.c.objc; path = main.m; sourceTree = "<group>"; };
		46DFA8FA1CE5F7A60068D8E0 /* AppDelegate.h */ = {isa = PBXFileReference; lastKnownFileType = sourcecode.c.h; path = AppDelegate.h; sourceTree = "<group>"; };
		46DFA8FB1CE5F7A60068D8E0 /* AppDelegate.m */ = {isa = PBXFileReference; lastKnownFileType = sourcecode.c.objc; path = AppDelegate.m; sourceTree = "<group>"; };
		46DFA8FD1CE5F7A60068D8E0 /* ViewController.h */ = {isa = PBXFileReference; lastKnownFileType = sourcecode.c.h; path = ViewController.h; sourceTree = "<group>"; };
		46DFA8FE1CE5F7A60068D8E0 /* ViewController.m */ = {isa = PBXFileReference; lastKnownFileType = sourcecode.c.objc; path = ViewController.m; sourceTree = "<group>"; };
		46DFA9011CE5F7A60068D8E0 /* Base */ = {isa = PBXFileReference; lastKnownFileType = file.storyboard; name = Base; path = Base.lproj/Main.storyboard; sourceTree = "<group>"; };
		46DFA9031CE5F7A60068D8E0 /* Assets.xcassets */ = {isa = PBXFileReference; lastKnownFileType = folder.assetcatalog; path = Assets.xcassets; sourceTree = "<group>"; };
		46DFA9061CE5F7A60068D8E0 /* Base */ = {isa = PBXFileReference; lastKnownFileType = file.storyboard; name = Base; path = Base.lproj/LaunchScreen.storyboard; sourceTree = "<group>"; };
		46DFA9081CE5F7A60068D8E0 /* Info.plist */ = {isa = PBXFileReference; lastKnownFileType = text.plist.xml; path = Info.plist; sourceTree = "<group>"; };
		46DFA90D1CE5F7A60068D8E0 /* GCDTests.xctest */ = {isa = PBXFileReference; explicitFileType = wrapper.cfbundle; includeInIndex = 0; path = GCDTests.xctest; sourceTree = BUILT_PRODUCTS_DIR; };
		46DFA9111CE5F7A60068D8E0 /* GCDTests.m */ = {isa = PBXFileReference; lastKnownFileType = sourcecode.c.objc; path = GCDTests.m; sourceTree = "<group>"; };
		46DFA9131CE5F7A60068D8E0 /* Info.plist */ = {isa = PBXFileReference; lastKnownFileType = text.plist.xml; path = Info.plist; sourceTree = "<group>"; };
		46DFA9181CE5F7A60068D8E0 /* GCDUITests.xctest */ = {isa = PBXFileReference; explicitFileType = wrapper.cfbundle; includeInIndex = 0; path = GCDUITests.xctest; sourceTree = BUILT_PRODUCTS_DIR; };
		46DFA91C1CE5F7A60068D8E0 /* GCDUITests.m */ = {isa = PBXFileReference; lastKnownFileType = sourcecode.c.objc; path = GCDUITests.m; sourceTree = "<group>"; };
		46DFA91E1CE5F7A60068D8E0 /* Info.plist */ = {isa = PBXFileReference; lastKnownFileType = text.plist.xml; path = Info.plist; sourceTree = "<group>"; };
/* End PBXFileReference section */

/* Begin PBXFrameworksBuildPhase section */
		46DFA8F11CE5F7A60068D8E0 /* Frameworks */ = {
			isa = PBXFrameworksBuildPhase;
			buildActionMask = 2147483647;
			files = (
			);
			runOnlyForDeploymentPostprocessing = 0;
		};
		46DFA90A1CE5F7A60068D8E0 /* Frameworks */ = {
			isa = PBXFrameworksBuildPhase;
			buildActionMask = 2147483647;
			files = (
			);
			runOnlyForDeploymentPostprocessing = 0;
		};
		46DFA9151CE5F7A60068D8E0 /* Frameworks */ = {
			isa = PBXFrameworksBuildPhase;
			buildActionMask = 2147483647;
			files = (
			);
			runOnlyForDeploymentPostprocessing = 0;
		};
/* End PBXFrameworksBuildPhase section */

/* Begin PBXGroup section */
		46DFA8EB1CE5F7A60068D8E0 = {
			isa = PBXGroup;
			children = (
				46DFA8F61CE5F7A60068D8E0 /* GCD */,
				46DFA9101CE5F7A60068D8E0 /* GCDTests */,
				46DFA91B1CE5F7A60068D8E0 /* GCDUITests */,
				46DFA8F51CE5F7A60068D8E0 /* Products */,
			);
			sourceTree = "<group>";
		};
		46DFA8F51CE5F7A60068D8E0 /* Products */ = {
			isa = PBXGroup;
			children = (
				46DFA8F41CE5F7A60068D8E0 /* GCD.app */,
				46DFA90D1CE5F7A60068D8E0 /* GCDTests.xctest */,
				46DFA9181CE5F7A60068D8E0 /* GCDUITests.xctest */,
			);
			name = Products;
			sourceTree = "<group>";
		};
		46DFA8F61CE5F7A60068D8E0 /* GCD */ = {
			isa = PBXGroup;
			children = (
				46DFA8FA1CE5F7A60068D8E0 /* AppDelegate.h */,
				46DFA8FB1CE5F7A60068D8E0 /* AppDelegate.m */,
				46DFA8FD1CE5F7A60068D8E0 /* ViewController.h */,
				46DFA8FE1CE5F7A60068D8E0 /* ViewController.m */,
				46D03F201CEA126500F48FFA /* Dog.h */,
				46D03F211CEA126500F48FFA /* Dog.m */,
				46DFA9001CE5F7A60068D8E0 /* Main.storyboard */,
				46DFA9031CE5F7A60068D8E0 /* Assets.xcassets */,
				46DFA9051CE5F7A60068D8E0 /* LaunchScreen.storyboard */,
				46DFA9081CE5F7A60068D8E0 /* Info.plist */,
				46DFA8F71CE5F7A60068D8E0 /* Supporting Files */,
			);
			path = GCD;
			sourceTree = "<group>";
		};
		46DFA8F71CE5F7A60068D8E0 /* Supporting Files */ = {
			isa = PBXGroup;
			children = (
				46DFA8F81CE5F7A60068D8E0 /* main.m */,
			);
			name = "Supporting Files";
			sourceTree = "<group>";
		};
		46DFA9101CE5F7A60068D8E0 /* GCDTests */ = {
			isa = PBXGroup;
			children = (
				46DFA9111CE5F7A60068D8E0 /* GCDTests.m */,
				46DFA9131CE5F7A60068D8E0 /* Info.plist */,
			);
			path = GCDTests;
			sourceTree = "<group>";
		};
		46DFA91B1CE5F7A60068D8E0 /* GCDUITests */ = {
			isa = PBXGroup;
			children = (
				46DFA91C1CE5F7A60068D8E0 /* GCDUITests.m */,
				46DFA91E1CE5F7A60068D8E0 /* Info.plist */,
			);
			path = GCDUITests;
			sourceTree = "<group>";
		};
/* End PBXGroup section */

/* Begin PBXNativeTarget section */
		46DFA8F31CE5F7A60068D8E0 /* GCD */ = {
			isa = PBXNativeTarget;
			buildConfigurationList = 46DFA9211CE5F7A60068D8E0 /* Build configuration list for PBXNativeTarget "GCD" */;
			buildPhases = (
				46DFA8F01CE5F7A60068D8E0 /* Sources */,
				46DFA8F11CE5F7A60068D8E0 /* Frameworks */,
				46DFA8F21CE5F7A60068D8E0 /* Resources */,
			);
			buildRules = (
			);
			dependencies = (
			);
			name = GCD;
			productName = GCD;
			productReference = 46DFA8F41CE5F7A60068D8E0 /* GCD.app */;
			productType = "com.apple.product-type.application";
		};
		46DFA90C1CE5F7A60068D8E0 /* GCDTests */ = {
			isa = PBXNativeTarget;
			buildConfigurationList = 46DFA9241CE5F7A60068D8E0 /* Build configuration list for PBXNativeTarget "GCDTests" */;
			buildPhases = (
				46DFA9091CE5F7A60068D8E0 /* Sources */,
				46DFA90A1CE5F7A60068D8E0 /* Frameworks */,
				46DFA90B1CE5F7A60068D8E0 /* Resources */,
			);
			buildRules = (
			);
			dependencies = (
				46DFA90F1CE5F7A60068D8E0 /* PBXTargetDependency */,
			);
			name = GCDTests;
			productName = GCDTests;
			productReference = 46DFA90D1CE5F7A60068D8E0 /* GCDTests.xctest */;
			productType = "com.apple.product-type.bundle.unit-test";
		};
		46DFA9171CE5F7A60068D8E0 /* GCDUITests */ = {
			isa = PBXNativeTarget;
			buildConfigurationList = 46DFA9271CE5F7A60068D8E0 /* Build configuration list for PBXNativeTarget "GCDUITests" */;
			buildPhases = (
				46DFA9141CE5F7A60068D8E0 /* Sources */,
				46DFA9151CE5F7A60068D8E0 /* Frameworks */,
				46DFA9161CE5F7A60068D8E0 /* Resources */,
			);
			buildRules = (
			);
			dependencies = (
				46DFA91A1CE5F7A60068D8E0 /* PBXTargetDependency */,
			);
			name = GCDUITests;
			productName = GCDUITests;
			productReference = 46DFA9181CE5F7A60068D8E0 /* GCDUITests.xctest */;
			productType = "com.apple.product-type.bundle.ui-testing";
		};
/* End PBXNativeTarget section */

/* Begin PBXProject section */
		46DFA8EC1CE5F7A60068D8E0 /* Project object */ = {
			isa = PBXProject;
			attributes = {
				LastUpgradeCheck = 0700;
				ORGANIZATIONNAME = jaxer;
				TargetAttributes = {
					46DFA8F31CE5F7A60068D8E0 = {
						CreatedOnToolsVersion = 7.0;
					};
					46DFA90C1CE5F7A60068D8E0 = {
						CreatedOnToolsVersion = 7.0;
						TestTargetID = 46DFA8F31CE5F7A60068D8E0;
					};
					46DFA9171CE5F7A60068D8E0 = {
						CreatedOnToolsVersion = 7.0;
						TestTargetID = 46DFA8F31CE5F7A60068D8E0;
					};
				};
			};
			buildConfigurationList = 46DFA8EF1CE5F7A60068D8E0 /* Build configuration list for PBXProject "GCD" */;
			compatibilityVersion = "Xcode 3.2";
			developmentRegion = English;
			hasScannedForEncodings = 0;
			knownRegions = (
				en,
				Base,
			);
			mainGroup = 46DFA8EB1CE5F7A60068D8E0;
			productRefGroup = 46DFA8F51CE5F7A60068D8E0 /* Products */;
			projectDirPath = "";
			projectRoot = "";
			targets = (
				46DFA8F31CE5F7A60068D8E0 /* GCD */,
				46DFA90C1CE5F7A60068D8E0 /* GCDTests */,
				46DFA9171CE5F7A60068D8E0 /* GCDUITests */,
			);
		};
/* End PBXProject section */

/* Begin PBXResourcesBuildPhase section */
		46DFA8F21CE5F7A60068D8E0 /* Resources */ = {
			isa = PBXResourcesBuildPhase;
			buildActionMask = 2147483647;
			files = (
				46DFA9071CE5F7A60068D8E0 /* LaunchScreen.storyboard in Resources */,
				46DFA9041CE5F7A60068D8E0 /* Assets.xcassets in Resources */,
				46DFA9021CE5F7A60068D8E0 /* Main.storyboard in Resources */,
			);
			runOnlyForDeploymentPostprocessing = 0;
		};
		46DFA90B1CE5F7A60068D8E0 /* Resources */ = {
			isa = PBXResourcesBuildPhase;
			buildActionMask = 2147483647;
			files = (
			);
			runOnlyForDeploymentPostprocessing = 0;
		};
		46DFA9161CE5F7A60068D8E0 /* Resources */ = {
			isa = PBXResourcesBuildPhase;
			buildActionMask = 2147483647;
			files = (
			);
			runOnlyForDeploymentPostprocessing = 0;
		};
/* End PBXResourcesBuildPhase section */

/* Begin PBXSourcesBuildPhase section */
		46DFA8F01CE5F7A60068D8E0 /* Sources */ = {
			isa = PBXSourcesBuildPhase;
			buildActionMask = 2147483647;
			files = (
				46DFA8FF1CE5F7A60068D8E0 /* ViewController.m in Sources */,
				46DFA8FC1CE5F7A60068D8E0 /* AppDelegate.m in Sources */,
				46D03F221CEA126500F48FFA /* Dog.m in Sources */,
				46DFA8F91CE5F7A60068D8E0 /* main.m in Sources */,
			);
			runOnlyForDeploymentPostprocessing = 0;
		};
		46DFA9091CE5F7A60068D8E0 /* Sources */ = {
			isa = PBXSourcesBuildPhase;
			buildActionMask = 2147483647;
			files = (
				46DFA9121CE5F7A60068D8E0 /* GCDTests.m in Sources */,
			);
			runOnlyForDeploymentPostprocessing = 0;
		};
		46DFA9141CE5F7A60068D8E0 /* Sources */ = {
			isa = PBXSourcesBuildPhase;
			buildActionMask = 2147483647;
			files = (
				46DFA91D1CE5F7A60068D8E0 /* GCDUITests.m in Sources */,
			);
			runOnlyForDeploymentPostprocessing = 0;
		};
/* End PBXSourcesBuildPhase section */

/* Begin PBXTargetDependency section */
		46DFA90F1CE5F7A60068D8E0 /* PBXTargetDependency */ = {
			isa = PBXTargetDependency;
			target = 46DFA8F31CE5F7A60068D8E0 /* GCD */;
			targetProxy = 46DFA90E1CE5F7A60068D8E0 /* PBXContainerItemProxy */;
		};
		46DFA91A1CE5F7A60068D8E0 /* PBXTargetDependency */ = {
			isa = PBXTargetDependency;
			target = 46DFA8F31CE5F7A60068D8E0 /* GCD */;
			targetProxy = 46DFA9191CE5F7A60068D8E0 /* PBXContainerItemProxy */;
		};
/* End PBXTargetDependency section */

/* Begin PBXVariantGroup section */
		46DFA9001CE5F7A60068D8E0 /* Main.storyboard */ = {
			isa = PBXVariantGroup;
			children = (
				46DFA9011CE5F7A60068D8E0 /* Base */,
			);
			name = Main.storyboard;
			sourceTree = "<group>";
		};
		46DFA9051CE5F7A60068D8E0 /* LaunchScreen.storyboard */ = {
			isa = PBXVariantGroup;
			children = (
				46DFA9061CE5F7A60068D8E0 /* Base */,
			);
			name = LaunchScreen.storyboard;
			sourceTree = "<group>";
		};
/* End PBXVariantGroup section */

/* Begin XCBuildConfiguration section */
		46DFA91F1CE5F7A60068D8E0 /* Debug */ = {
			isa = XCBuildConfiguration;
			buildSettings = {
				ALWAYS_SEARCH_USER_PATHS = NO;
				CLANG_CXX_LANGUAGE_STANDARD = "gnu++0x";
				CLANG_CXX_LIBRARY = "libc++";
				CLANG_ENABLE_MODULES = YES;
				CLANG_ENABLE_OBJC_ARC = YES;
				CLANG_WARN_BOOL_CONVERSION = YES;
				CLANG_WARN_CONSTANT_CONVERSION = YES;
				CLANG_WARN_DIRECT_OBJC_ISA_USAGE = YES_ERROR;
				CLANG_WARN_EMPTY_BODY = YES;
				CLANG_WARN_ENUM_CONVERSION = YES;
				CLANG_WARN_INT_CONVERSION = YES;
				CLANG_WARN_OBJC_ROOT_CLASS = YES_ERROR;
				CLANG_WARN_UNREACHABLE_CODE = YES;
				CLANG_WARN__DUPLICATE_METHOD_MATCH = YES;
				"CODE_SIGN_IDENTITY[sdk=iphoneos*]" = "iPhone Developer";
				COPY_PHASE_STRIP = NO;
				DEBUG_INFORMATION_FORMAT = dwarf;
				ENABLE_STRICT_OBJC_MSGSEND = YES;
				ENABLE_TESTABILITY = YES;
				GCC_C_LANGUAGE_STANDARD = gnu99;
				GCC_DYNAMIC_NO_PIC = NO;
				GCC_NO_COMMON_BLOCKS = YES;
				GCC_OPTIMIZATION_LEVEL = 0;
				GCC_PREPROCESSOR_DEFINITIONS = (
					"DEBUG=1",
					"$(inherited)",
				);
				GCC_WARN_64_TO_32_BIT_CONVERSION = YES;
				GCC_WARN_ABOUT_RETURN_TYPE = YES_ERROR;
				GCC_WARN_UNDECLARED_SELECTOR = YES;
				GCC_WARN_UNINITIALIZED_AUTOS = YES_AGGRESSIVE;
				GCC_WARN_UNUSED_FUNCTION = YES;
				GCC_WARN_UNUSED_VARIABLE = YES;
				IPHONEOS_DEPLOYMENT_TARGET = 7.0;
				MTL_ENABLE_DEBUG_INFO = YES;
				ONLY_ACTIVE_ARCH = YES;
				SDKROOT = iphoneos;
			};
			name = Debug;
		};
		46DFA9201CE5F7A60068D8E0 /* Release */ = {
			isa = XCBuildConfiguration;
			buildSettings = {
				ALWAYS_SEARCH_USER_PATHS = NO;
				CLANG_CXX_LANGUAGE_STANDARD = "gnu++0x";
				CLANG_CXX_LIBRARY = "libc++";
				CLANG_ENABLE_MODULES = YES;
				CLANG_ENABLE_OBJC_ARC = YES;
				CLANG_WARN_BOOL_CONVERSION = YES;
				CLANG_WARN_CONSTANT_CONVERSION = YES;
				CLANG_WARN_DIRECT_OBJC_ISA_USAGE = YES_ERROR;
				CLANG_WARN_EMPTY_BODY = YES;
				CLANG_WARN_ENUM_CONVERSION = YES;
				CLANG_WARN_INT_CONVERSION = YES;
				CLANG_WARN_OBJC_ROOT_CLASS = YES_ERROR;
				CLANG_WARN_UNREACHABLE_CODE = YES;
				CLANG_WARN__DUPLICATE_METHOD_MATCH = YES;
				"CODE_SIGN_IDENTITY[sdk=iphoneos*]" = "iPhone Developer";
				COPY_PHASE_STRIP = NO;
				DEBUG_INFORMATION_FORMAT = "dwarf-with-dsym";
				ENABLE_NS_ASSERTIONS = NO;
				ENABLE_STRICT_OBJC_MSGSEND = YES;
				GCC_C_LANGUAGE_STANDARD = gnu99;
				GCC_NO_COMMON_BLOCKS = YES;
				GCC_WARN_64_TO_32_BIT_CONVERSION = YES;
				GCC_WARN_ABOUT_RETURN_TYPE = YES_ERROR;
				GCC_WARN_UNDECLARED_SELECTOR = YES;
				GCC_WARN_UNINITIALIZED_AUTOS = YES_AGGRESSIVE;
				GCC_WARN_UNUSED_FUNCTION = YES;
				GCC_WARN_UNUSED_VARIABLE = YES;
				IPHONEOS_DEPLOYMENT_TARGET = 7.0;
				MTL_ENABLE_DEBUG_INFO = NO;
				SDKROOT = iphoneos;
				VALIDATE_PRODUCT = YES;
			};
			name = Release;
		};
		46DFA9221CE5F7A60068D8E0 /* Debug */ = {
			isa = XCBuildConfiguration;
			buildSettings = {
				ASSETCATALOG_COMPILER_APPICON_NAME = AppIcon;
				CODE_SIGN_IDENTITY = "iPhone Developer";
				INFOPLIST_FILE = GCD/Info.plist;
				IPHONEOS_DEPLOYMENT_TARGET = 7.0;
				LD_RUNPATH_SEARCH_PATHS = "$(inherited) @executable_path/Frameworks";
				PRODUCT_BUNDLE_IDENTIFIER = com.jaxer.GCD;
				PRODUCT_NAME = "$(TARGET_NAME)";
			};
			name = Debug;
		};
		46DFA9231CE5F7A60068D8E0 /* Release */ = {
			isa = XCBuildConfiguration;
			buildSettings = {
				ASSETCATALOG_COMPILER_APPICON_NAME = AppIcon;
				CODE_SIGN_IDENTITY = "iPhone Developer";
				INFOPLIST_FILE = GCD/Info.plist;
				IPHONEOS_DEPLOYMENT_TARGET = 7.0;
				LD_RUNPATH_SEARCH_PATHS = "$(inherited) @executable_path/Frameworks";
				PRODUCT_BUNDLE_IDENTIFIER = com.jaxer.GCD;
				PRODUCT_NAME = "$(TARGET_NAME)";
			};
			name = Release;
		};
		46DFA9251CE5F7A60068D8E0 /* Debug */ = {
			isa = XCBuildConfiguration;
			buildSettings = {
				BUNDLE_LOADER = "$(TEST_HOST)";
				INFOPLIST_FILE = GCDTests/Info.plist;
				LD_RUNPATH_SEARCH_PATHS = "$(inherited) @executable_path/Frameworks @loader_path/Frameworks";
				PRODUCT_BUNDLE_IDENTIFIER = com.jaxer.GCDTests;
				PRODUCT_NAME = "$(TARGET_NAME)";
				TEST_HOST = "$(BUILT_PRODUCTS_DIR)/GCD.app/GCD";
			};
			name = Debug;
		};
		46DFA9261CE5F7A60068D8E0 /* Release */ = {
			isa = XCBuildConfiguration;
			buildSettings = {
				BUNDLE_LOADER = "$(TEST_HOST)";
				INFOPLIST_FILE = GCDTests/Info.plist;
				LD_RUNPATH_SEARCH_PATHS = "$(inherited) @executable_path/Frameworks @loader_path/Frameworks";
				PRODUCT_BUNDLE_IDENTIFIER = com.jaxer.GCDTests;
				PRODUCT_NAME = "$(TARGET_NAME)";
				TEST_HOST = "$(BUILT_PRODUCTS_DIR)/GCD.app/GCD";
			};
			name = Release;
		};
		46DFA9281CE5F7A60068D8E0 /* Debug */ = {
			isa = XCBuildConfiguration;
			buildSettings = {
				INFOPLIST_FILE = GCDUITests/Info.plist;
				LD_RUNPATH_SEARCH_PATHS = "$(inherited) @executable_path/Frameworks @loader_path/Frameworks";
				PRODUCT_BUNDLE_IDENTIFIER = com.jaxer.GCDUITests;
				PRODUCT_NAME = "$(TARGET_NAME)";
				TEST_TARGET_NAME = GCD;
				USES_XCTRUNNER = YES;
			};
			name = Debug;
		};
		46DFA9291CE5F7A60068D8E0 /* Release */ = {
			isa = XCBuildConfiguration;
			buildSettings = {
				INFOPLIST_FILE = GCDUITests/Info.plist;
				LD_RUNPATH_SEARCH_PATHS = "$(inherited) @executable_path/Frameworks @loader_path/Frameworks";
				PRODUCT_BUNDLE_IDENTIFIER = com.jaxer.GCDUITests;
				PRODUCT_NAME = "$(TARGET_NAME)";
				TEST_TARGET_NAME = GCD;
				USES_XCTRUNNER = YES;
			};
			name = Release;
		};
/* End XCBuildConfiguration section */

/* Begin XCConfigurationList section */
		46DFA8EF1CE5F7A60068D8E0 /* Build configuration list for PBXProject "GCD" */ = {
			isa = XCConfigurationList;
			buildConfigurations = (
				46DFA91F1CE5F7A60068D8E0 /* Debug */,
				46DFA9201CE5F7A60068D8E0 /* Release */,
			);
			defaultConfigurationIsVisible = 0;
			defaultConfigurationName = Release;
		};
		46DFA9211CE5F7A60068D8E0 /* Build configuration list for PBXNativeTarget "GCD" */ = {
			isa = XCConfigurationList;
			buildConfigurations = (
				46DFA9221CE5F7A60068D8E0 /* Debug */,
				46DFA9231CE5F7A60068D8E0 /* Release */,
			);
			defaultConfigurationIsVisible = 0;
			defaultConfigurationName = Release;
		};
		46DFA9241CE5F7A60068D8E0 /* Build configuration list for PBXNativeTarget "GCDTests" */ = {
			isa = XCConfigurationList;
			buildConfigurations = (
				46DFA9251CE5F7A60068D8E0 /* Debug */,
				46DFA9261CE5F7A60068D8E0 /* Release */,
			);
			defaultConfigurationIsVisible = 0;
			defaultConfigurationName = Release;
		};
		46DFA9271CE5F7A60068D8E0 /* Build configuration list for PBXNativeTarget "GCDUITests" */ = {
			isa = XCConfigurationList;
			buildConfigurations = (
				46DFA9281CE5F7A60068D8E0 /* Debug */,
				46DFA9291CE5F7A60068D8E0 /* Release */,
			);
			defaultConfigurationIsVisible = 0;
			defaultConfigurationName = Release;
		};
/* End XCConfigurationList section */
	};
	rootObject = 46DFA8EC1CE5F7A60068D8E0 /* Project object */;
}
